
Microsoft Visual Studio Solution File, Format Version 12.00
# Visual Studio 14
VisualStudioVersion = 14.0.25420.1
MinimumVisualStudioVersion = 10.0.40219.1
Project("{FAE04EC0-301F-11D3-BF4B-00C04F79EFBC}") = "PrivadaVallePte", "PrivadaVallePte\PrivadaVallePte.csproj", "{0469EF9F-03BE-48BD-911D-764C05544D3D}"
EndProject
Global
	GlobalSection(SolutionConfigurationPlatforms) = preSolution
		Debug|Any CPU = Debug|Any CPU
		Release|Any CPU = Release|Any CPU
	EndGlobalSection
	GlobalSection(ProjectConfigurationPlatforms) = postSolution
		{0469EF9F-03BE-48BD-911D-764C05544D3D}.Debug|Any CPU.ActiveCfg = Debug|Any CPU
		{0469EF9F-03BE-48BD-911D-764C05544D3D}.Debug|Any CPU.Build.0 = Debug|Any CPU
		{0469EF9F-03BE-48BD-911D-764C05544D3D}.Release|Any CPU.ActiveCfg = Release|Any CPU
		{0469EF9F-03BE-48BD-911D-764C05544D3D}.Release|Any CPU.Build.0 = Release|Any CPU
	EndGlobalSection
	GlobalSection(SolutionProperties) = preSolution
		HideSolutionNode = FALSE
	EndGlobalSection
EndGlobal
